# THIS IS AN AUTOGENERATED FILE. DO NOT EDIT THIS FILE DIRECTLY.
# yarn lockfile v1


ajv@^5.1.1:
  version "5.5.2"
  resolved "http://registry.npm.taobao.org/ajv/download/ajv-5.5.2.tgz#73b5eeca3fab653e3d3f9422b341ad42205dc965"
  dependencies:
    co "^4.6.0"
    fast-deep-equal "^1.0.0"
    fast-json-stable-stringify "^2.0.0"
    json-schema-traverse "^0.3.0"

"bignumber.js@git+https://github.com/frozeman/bignumber.js-nolookahead.git":
  version "2.0.7"
  resolved "git+https://github.com/frozeman/bignumber.js-nolookahead.git#57692b3ecfc98bbdd6b3a516cb2353652ea49934"

bn.js@4.11.6:
  version "4.11.6"
  resolved "http://registry.npm.taobao.org/bn.js/download/bn.js-4.11.6.tgz#53344adb14617a13f6e8dd2ce28905d1c0ba3215"

co@^4.6.0:
  version "4.6.0"
  resolved "http://registry.npm.taobao.org/co/download/co-4.6.0.tgz#6ea6bdf3d853ae54ccb8e47bfa0bf3f9031fb184"

crypto-js@^3.1.4:
  version "3.1.8"
  resolved "http://registry.npm.taobao.org/crypto-js/download/crypto-js-3.1.8.tgz#715f070bf6014f2ae992a98b3929258b713f08d5"

crypto-js@^3.1.9-1:
  version "3.1.9-1"
  resolved "http://registry.npm.taobao.org/crypto-js/download/crypto-js-3.1.9-1.tgz#fda19e761fc077e01ffbfdc6e9fdfc59e8806cd8"

debug@^3.1.0:
  version "3.1.0"
  resolved "http://registry.npm.taobao.org/debug/download/debug-3.1.0.tgz#5bb5a0672628b64149566ba16819e61518c67261"
  dependencies:
    ms "2.0.0"

ejs@^2.5.9:
  version "2.5.9"
  resolved "http://registry.npm.taobao.org/ejs/download/ejs-2.5.9.tgz#7ba254582a560d267437109a68354112475b0ce5"

ethjs-abi@0.1.8:
  version "0.1.8"
  resolved "http://registry.npm.taobao.org/ethjs-abi/download/ethjs-abi-0.1.8.tgz#cd288583ed628cdfadaf8adefa3ba1dbcbca6c18"
  dependencies:
    bn.js "4.11.6"
    js-sha3 "0.5.5"
    number-to-bn "1.7.0"

fast-deep-equal@^1.0.0:
  version "1.1.0"
  resolved "http://registry.npm.taobao.org/fast-deep-equal/download/fast-deep-equal-1.1.0.tgz#c053477817c86b51daa853c81e059b733d023614"

fast-json-stable-stringify@^2.0.0:
  version "2.0.0"
  resolved "http://registry.npm.taobao.org/fast-json-stable-stringify/download/fast-json-stable-stringify-2.0.0.tgz#d5142c0caee6b1189f87d3a76111064f86c8bbf2"

is-hex-prefixed@1.0.0:
  version "1.0.0"
  resolved "http://registry.npm.taobao.org/is-hex-prefixed/download/is-hex-prefixed-1.0.0.tgz#7d8d37e6ad77e5d127148913c573e082d777f554"

js-sha3@0.5.5:
  version "0.5.5"
  resolved "http://registry.npm.taobao.org/js-sha3/download/js-sha3-0.5.5.tgz#baf0c0e8c54ad5903447df96ade7a4a1bca79a4a"

json-schema-traverse@^0.3.0:
  version "0.3.1"
  resolved "http://registry.npm.taobao.org/json-schema-traverse/download/json-schema-traverse-0.3.1.tgz#349a6d44c53a51de89b40805c5d5e59b417d3340"

ms@2.0.0:
  version "2.0.0"
  resolved "http://registry.npm.taobao.org/ms/download/ms-2.0.0.tgz#5608aeadfc00be6c2901df5f9861788de0d597c8"

number-to-bn@1.7.0:
  version "1.7.0"
  resolved "http://registry.npm.taobao.org/number-to-bn/download/number-to-bn-1.7.0.tgz#bb3623592f7e5f9e0030b1977bd41a0c53fe1ea0"
  dependencies:
    bn.js "4.11.6"
    strip-hex-prefix "1.0.0"

ramda@^0.25.0:
  version "0.25.0"
  resolved "http://registry.npm.taobao.org/ramda/download/ramda-0.25.0.tgz#8fdf68231cffa90bc2f9460390a0cb74a29b29a9"

"sphinx-meta@file:../../work/sphinx-contracts-build":
  version "1.0.0"
  dependencies:
    truffle-contract "^3.0.2"
    web3 "^0.20.4"

strip-hex-prefix@1.0.0:
  version "1.0.0"
  resolved "http://registry.npm.taobao.org/strip-hex-prefix/download/strip-hex-prefix-1.0.0.tgz#0c5f155fef1151373377de9dbb588da05500e36f"
  dependencies:
    is-hex-prefixed "1.0.0"

truffle-blockchain-utils@^0.0.4:
  version "0.0.4"
  resolved "http://registry.npm.taobao.org/truffle-blockchain-utils/download/truffle-blockchain-utils-0.0.4.tgz#e31a346db61775c80ccd6f632de5e72f97f20ea5"

truffle-contract-schema@^2.0.0:
  version "2.0.0"
  resolved "http://registry.npm.taobao.org/truffle-contract-schema/download/truffle-contract-schema-2.0.0.tgz#535378c0b6a7f58011ea8d84f57771771cb45163"
  dependencies:
    ajv "^5.1.1"
    crypto-js "^3.1.9-1"
    debug "^3.1.0"

truffle-contract@^3.0.2:
  version "3.0.5"
  resolved "http://registry.npm.taobao.org/truffle-contract/download/truffle-contract-3.0.5.tgz#c25d07042dcd519413bfee21034ed6ee7fc373bf"
  dependencies:
    ethjs-abi "0.1.8"
    truffle-blockchain-utils "^0.0.4"
    truffle-contract-schema "^2.0.0"
    truffle-error "0.0.2"
    web3 "^0.20.1"

truffle-error@0.0.2:
  version "0.0.2"
  resolved "http://registry.npm.taobao.org/truffle-error/download/truffle-error-0.0.2.tgz#01b189b78505566ae1689c239c7ca2dd121cfe4c"

utf8@^2.1.1:
  version "2.1.2"
  resolved "http://registry.npm.taobao.org/utf8/download/utf8-2.1.2.tgz#1fa0d9270e9be850d9b05027f63519bf46457d96"

web3@^0.20.1, web3@^0.20.4:
  version "0.20.6"
  resolved "http://registry.npm.taobao.org/web3/download/web3-0.20.6.tgz#3e97306ae024fb24e10a3d75c884302562215120"
  dependencies:
    bignumber.js "git+https://github.com/frozeman/bignumber.js-nolookahead.git"
    crypto-js "^3.1.4"
    utf8 "^2.1.1"
    xhr2 "*"
    xmlhttprequest "*"

xhr2@*:
  version "0.1.4"
  resolved "http://registry.npm.taobao.org/xhr2/download/xhr2-0.1.4.tgz#7f87658847716db5026323812f818cadab387a5f"

xmlhttprequest@*:
  version "1.8.0"
  resolved "http://registry.npm.taobao.org/xmlhttprequest/download/xmlhttprequest-1.8.0.tgz#67fe075c5c24fef39f9d65f5f7b7fe75171968fc"
